
Microsoft Visual Studio Solution File, Format Version 12.00
# Visual Studio 15
VisualStudioVersion = 15.0.27428.2015
MinimumVisualStudioVersion = 10.0.40219.1
Project("{FAE04EC0-301F-11D3-BF4B-00C04F79EFBC}") = "Entidades", "Entidades\Entidades.csproj", "{762A3179-D83E-4971-9B7B-DF795933A56D}"
EndProject
Project("{FAE04EC0-301F-11D3-BF4B-00C04F79EFBC}") = "MainCorreo", "MainCorreo\MainCorreo.csproj", "{035CE484-F007-4EE3-B20A-24D2E37F70E2}"
EndProject
Project("{FAE04EC0-301F-11D3-BF4B-00C04F79EFBC}") = "UnitTestProject1", "UnitTestProject1\UnitTestProject1.csproj", "{772928AB-F157-408D-B958-AC19398E56EB}"
EndProject
Global
	GlobalSection(SolutionConfigurationPlatforms) = preSolution
		Debug|Any CPU = Debug|Any CPU
		Release|Any CPU = Release|Any CPU
	EndGlobalSection
	GlobalSection(ProjectConfigurationPlatforms) = postSolution
		{762A3179-D83E-4971-9B7B-DF795933A56D}.Debug|Any CPU.ActiveCfg = Debug|Any CPU
		{762A3179-D83E-4971-9B7B-DF795933A56D}.Debug|Any CPU.Build.0 = Debug|Any CPU
		{762A3179-D83E-4971-9B7B-DF795933A56D}.Release|Any CPU.ActiveCfg = Release|Any CPU
		{762A3179-D83E-4971-9B7B-DF795933A56D}.Release|Any CPU.Build.0 = Release|Any CPU
		{035CE484-F007-4EE3-B20A-24D2E37F70E2}.Debug|Any CPU.ActiveCfg = Debug|Any CPU
		{035CE484-F007-4EE3-B20A-24D2E37F70E2}.Debug|Any CPU.Build.0 = Debug|Any CPU
		{035CE484-F007-4EE3-B20A-24D2E37F70E2}.Release|Any CPU.ActiveCfg = Release|Any CPU
		{035CE484-F007-4EE3-B20A-24D2E37F70E2}.Release|Any CPU.Build.0 = Release|Any CPU
		{772928AB-F157-408D-B958-AC19398E56EB}.Debug|Any CPU.ActiveCfg = Debug|Any CPU
		{772928AB-F157-408D-B958-AC19398E56EB}.Debug|Any CPU.Build.0 = Debug|Any CPU
		{772928AB-F157-408D-B958-AC19398E56EB}.Release|Any CPU.ActiveCfg = Release|Any CPU
		{772928AB-F157-408D-B958-AC19398E56EB}.Release|Any CPU.Build.0 = Release|Any CPU
	EndGlobalSection
	GlobalSection(SolutionProperties) = preSolution
		HideSolutionNode = FALSE
	EndGlobalSection
	GlobalSection(ExtensibilityGlobals) = postSolution
		SolutionGuid = {F1C6456C-1A28-4B2B-96AB-2BEB0DF75694}
	EndGlobalSection
EndGlobal
